schema: '2.0'
stages:
  data_collection:
    cmd: python src/data_collection.py
    deps:
    - path: src/data_collection.py
      hash: md5
      md5: 868412e8fdc7f0e5c6a5f0742522f670
      size: 2663
    params:
      params.yaml:
        data_collection.test_size: 0.2
    outs:
    - path: data/raw
      hash: md5
      md5: c0c2d65c14a603e91e029fda3c344a5c.dir
      size: 522262
      nfiles: 2
  pre_processing:
    cmd: python src/data_prep.py
    deps:
    - path: data/raw
      hash: md5
      md5: c0c2d65c14a603e91e029fda3c344a5c.dir
      size: 522262
      nfiles: 2
    - path: src/data_prep.py
      hash: md5
      md5: 8549ca2948fe5c2714213e9bcf9dcbbf
      size: 2352
    outs:
    - path: data/processed
      hash: md5
      md5: 09d7d1468d5c1e6739769af7e3154438.dir
      size: 546137
      nfiles: 2
  model_building:
    cmd: python src/model_building.py
    deps:
    - path: data/processed
      hash: md5
      md5: 09d7d1468d5c1e6739769af7e3154438.dir
      size: 546137
      nfiles: 2
    - path: src/model_building.py
      hash: md5
      md5: 5edf7f7e7bdda345fc2e3948210acf87
      size: 3053
    params:
      params.yaml:
        model_building.n_estimators: 100
    outs:
    - path: model.pkl
      hash: md5
      md5: 417c69aa90bde21512ce3ec5a6deab09
      size: 7347667
  model_eval:
    cmd: python src/model_eval.py
    deps:
    - path: model.pkl
      hash: md5
      md5: 417c69aa90bde21512ce3ec5a6deab09
      size: 7347667
    - path: src/model_eval.py
      hash: md5
      md5: 93658cef089e2fbe048f07ccf9f68b9c
      size: 2979
    outs:
    - path: metrics.json
      hash: md5
      md5: c3df9f3a610269f8eb1ebf2872f81c0c
      size: 149
